
Microsoft Visual Studio Solution File, Format Version 12.00
# Visual Studio Version 16
VisualStudioVersion = 16.0.35026.282
MinimumVisualStudioVersion = 10.0.40219.1
Project("{FAE04EC0-301F-11D3-BF4B-00C04F79EFBC}") = "Assignment_1", "Assignment_1\Assignment_1.csproj", "{76DB5227-9B55-4263-B53C-01B3CAE0F41B}"
EndProject
Global
	GlobalSection(SolutionConfigurationPlatforms) = preSolution
		Debug|Any CPU = Debug|Any CPU
		Release|Any CPU = Release|Any CPU
	EndGlobalSection
	GlobalSection(ProjectConfigurationPlatforms) = postSolution
		{76DB5227-9B55-4263-B53C-01B3CAE0F41B}.Debug|Any CPU.ActiveCfg = Debug|Any CPU
		{76DB5227-9B55-4263-B53C-01B3CAE0F41B}.Debug|Any CPU.Build.0 = Debug|Any CPU
		{76DB5227-9B55-4263-B53C-01B3CAE0F41B}.Release|Any CPU.ActiveCfg = Release|Any CPU
		{76DB5227-9B55-4263-B53C-01B3CAE0F41B}.Release|Any CPU.Build.0 = Release|Any CPU
	EndGlobalSection
	GlobalSection(SolutionProperties) = preSolution
		HideSolutionNode = FALSE
	EndGlobalSection
	GlobalSection(ExtensibilityGlobals) = postSolution
		SolutionGuid = {F6034768-72FA-47AD-99C2-0F11F851277D}
	EndGlobalSection
EndGlobal
