
Microsoft Visual Studio Solution File, Format Version 12.00
# Visual Studio Version 16
VisualStudioVersion = 16.0.34931.43
MinimumVisualStudioVersion = 10.0.40219.1
Project("{FAE04EC0-301F-11D3-BF4B-00C04F79EFBC}") = "EXAM2_CC2", "EXAM2_CC2\EXAM2_CC2.csproj", "{23BC333A-7063-415E-895F-E37A8B3C14BA}"
EndProject
Global
	GlobalSection(SolutionConfigurationPlatforms) = preSolution
		Debug|Any CPU = Debug|Any CPU
		Release|Any CPU = Release|Any CPU
	EndGlobalSection
	GlobalSection(ProjectConfigurationPlatforms) = postSolution
		{23BC333A-7063-415E-895F-E37A8B3C14BA}.Debug|Any CPU.ActiveCfg = Debug|Any CPU
		{23BC333A-7063-415E-895F-E37A8B3C14BA}.Debug|Any CPU.Build.0 = Debug|Any CPU
		{23BC333A-7063-415E-895F-E37A8B3C14BA}.Release|Any CPU.ActiveCfg = Release|Any CPU
		{23BC333A-7063-415E-895F-E37A8B3C14BA}.Release|Any CPU.Build.0 = Release|Any CPU
	EndGlobalSection
	GlobalSection(SolutionProperties) = preSolution
		HideSolutionNode = FALSE
	EndGlobalSection
	GlobalSection(ExtensibilityGlobals) = postSolution
		SolutionGuid = {F7C009BC-28DD-43C0-AEA3-0400296EA94C}
	EndGlobalSection
EndGlobal
